
Microsoft Visual Studio Solution File, Format Version 12.00
# Visual Studio Version 17
VisualStudioVersion = 17.2.32519.379
MinimumVisualStudioVersion = 10.0.40219.1
Project("{FAE04EC0-301F-11D3-BF4B-00C04F79EFBC}") = "GitExampleProject", "GitExampleProject\GitExampleProject.csproj", "{5444A595-A4FC-41EB-954E-401545350658}"
EndProject
Global
	GlobalSection(SolutionConfigurationPlatforms) = preSolution
		Debug|Any CPU = Debug|Any CPU
		Release|Any CPU = Release|Any CPU
	EndGlobalSection
	GlobalSection(ProjectConfigurationPlatforms) = postSolution
		{5444A595-A4FC-41EB-954E-401545350658}.Debug|Any CPU.ActiveCfg = Debug|Any CPU
		{5444A595-A4FC-41EB-954E-401545350658}.Debug|Any CPU.Build.0 = Debug|Any CPU
		{5444A595-A4FC-41EB-954E-401545350658}.Release|Any CPU.ActiveCfg = Release|Any CPU
		{5444A595-A4FC-41EB-954E-401545350658}.Release|Any CPU.Build.0 = Release|Any CPU
	EndGlobalSection
	GlobalSection(SolutionProperties) = preSolution
		HideSolutionNode = FALSE
	EndGlobalSection
	GlobalSection(ExtensibilityGlobals) = postSolution
		SolutionGuid = {7753B327-9452-4101-A100-317989490496}
	EndGlobalSection
EndGlobal
